
Microsoft Visual Studio Solution File, Format Version 12.00
# Visual Studio Version 17
VisualStudioVersion = 17.2.32516.85
MinimumVisualStudioVersion = 10.0.40219.1
Project("{FAE04EC0-301F-11D3-BF4B-00C04F79EFBC}") = "Lab2", "Lab2\Lab2.csproj", "{497AD6E9-AFE2-4202-BB6D-22A97F758B41}"
EndProject
Global
	GlobalSection(SolutionConfigurationPlatforms) = preSolution
		Debug|Any CPU = Debug|Any CPU
		Release|Any CPU = Release|Any CPU
	EndGlobalSection
	GlobalSection(ProjectConfigurationPlatforms) = postSolution
		{497AD6E9-AFE2-4202-BB6D-22A97F758B41}.Debug|Any CPU.ActiveCfg = Debug|Any CPU
		{497AD6E9-AFE2-4202-BB6D-22A97F758B41}.Debug|Any CPU.Build.0 = Debug|Any CPU
		{497AD6E9-AFE2-4202-BB6D-22A97F758B41}.Release|Any CPU.ActiveCfg = Release|Any CPU
		{497AD6E9-AFE2-4202-BB6D-22A97F758B41}.Release|Any CPU.Build.0 = Release|Any CPU
	EndGlobalSection
	GlobalSection(SolutionProperties) = preSolution
		HideSolutionNode = FALSE
	EndGlobalSection
	GlobalSection(ExtensibilityGlobals) = postSolution
		SolutionGuid = {6849C370-722D-4861-B606-E37BC86C8FE8}
	EndGlobalSection
EndGlobal
